
Microsoft Visual Studio Solution File, Format Version 12.00
# Visual Studio Version 17
VisualStudioVersion = 17.2.32616.157
MinimumVisualStudioVersion = 10.0.40219.1
Project("{FAE04EC0-301F-11D3-BF4B-00C04F79EFBC}") = "cleantempfiles", "cleantempfiles\cleantempfiles.csproj", "{044FB96A-7D49-4DFC-9318-DDFC76DF223A}"
EndProject
Global
	GlobalSection(SolutionConfigurationPlatforms) = preSolution
		Debug|Any CPU = Debug|Any CPU
		Release|Any CPU = Release|Any CPU
	EndGlobalSection
	GlobalSection(ProjectConfigurationPlatforms) = postSolution
		{044FB96A-7D49-4DFC-9318-DDFC76DF223A}.Debug|Any CPU.ActiveCfg = Debug|Any CPU
		{044FB96A-7D49-4DFC-9318-DDFC76DF223A}.Debug|Any CPU.Build.0 = Debug|Any CPU
		{044FB96A-7D49-4DFC-9318-DDFC76DF223A}.Release|Any CPU.ActiveCfg = Release|Any CPU
		{044FB96A-7D49-4DFC-9318-DDFC76DF223A}.Release|Any CPU.Build.0 = Release|Any CPU
	EndGlobalSection
	GlobalSection(SolutionProperties) = preSolution
		HideSolutionNode = FALSE
	EndGlobalSection
	GlobalSection(ExtensibilityGlobals) = postSolution
		SolutionGuid = {D044A8EC-C4DC-44CB-BBE5-1B283B4FD72C}
	EndGlobalSection
EndGlobal
