
Microsoft Visual Studio Solution File, Format Version 12.00
# Visual Studio Version 16
VisualStudioVersion = 16.0.29409.12
MinimumVisualStudioVersion = 10.0.40219.1
Project("{FAE04EC0-301F-11D3-BF4B-00C04F79EFBC}") = "Skribl", "Skribl\Skribl.csproj", "{0FB141CD-F1FF-4106-9E2C-FA5C3E35DDA0}"
EndProject
Global
	GlobalSection(SolutionConfigurationPlatforms) = preSolution
		Debug|Any CPU = Debug|Any CPU
		Release|Any CPU = Release|Any CPU
	EndGlobalSection
	GlobalSection(ProjectConfigurationPlatforms) = postSolution
		{0FB141CD-F1FF-4106-9E2C-FA5C3E35DDA0}.Debug|Any CPU.ActiveCfg = Debug|Any CPU
		{0FB141CD-F1FF-4106-9E2C-FA5C3E35DDA0}.Debug|Any CPU.Build.0 = Debug|Any CPU
		{0FB141CD-F1FF-4106-9E2C-FA5C3E35DDA0}.Release|Any CPU.ActiveCfg = Release|Any CPU
		{0FB141CD-F1FF-4106-9E2C-FA5C3E35DDA0}.Release|Any CPU.Build.0 = Release|Any CPU
	EndGlobalSection
	GlobalSection(SolutionProperties) = preSolution
		HideSolutionNode = FALSE
	EndGlobalSection
	GlobalSection(ExtensibilityGlobals) = postSolution
		SolutionGuid = {64DD75BF-2C35-4D7D-8B21-5278C485EF37}
	EndGlobalSection
EndGlobal
