
Microsoft Visual Studio Solution File, Format Version 12.00
# Visual Studio Version 16
VisualStudioVersion = 16.0.29409.12
MinimumVisualStudioVersion = 10.0.40219.1
Project("{FAE04EC0-301F-11D3-BF4B-00C04F79EFBC}") = "ModernFormDesign", "ModernFormDesign.csproj", "{1DBA6E10-6A05-48F0-BED9-6F33E0D3E986}"
EndProject
Global
	GlobalSection(SolutionConfigurationPlatforms) = preSolution
		Debug|Any CPU = Debug|Any CPU
		Release|Any CPU = Release|Any CPU
	EndGlobalSection
	GlobalSection(ProjectConfigurationPlatforms) = postSolution
		{1DBA6E10-6A05-48F0-BED9-6F33E0D3E986}.Debug|Any CPU.ActiveCfg = Debug|Any CPU
		{1DBA6E10-6A05-48F0-BED9-6F33E0D3E986}.Debug|Any CPU.Build.0 = Debug|Any CPU
		{1DBA6E10-6A05-48F0-BED9-6F33E0D3E986}.Release|Any CPU.ActiveCfg = Release|Any CPU
		{1DBA6E10-6A05-48F0-BED9-6F33E0D3E986}.Release|Any CPU.Build.0 = Release|Any CPU
	EndGlobalSection
	GlobalSection(SolutionProperties) = preSolution
		HideSolutionNode = FALSE
	EndGlobalSection
	GlobalSection(ExtensibilityGlobals) = postSolution
		SolutionGuid = {C427EDFE-43D1-4ABC-AF30-C9154B1E5B19}
	EndGlobalSection
EndGlobal
